
Microsoft Visual Studio Solution File, Format Version 12.00
# Visual Studio Version 17
VisualStudioVersion = 17.11.35312.102
MinimumVisualStudioVersion = 10.0.40219.1
Project("{FAE04EC0-301F-11D3-BF4B-00C04F79EFBC}") = "BookShopAPI", "BookShopAPI\BookShopAPI.csproj", "{30876A76-5B7F-407B-8A84-7939D0D5B9BE}"
EndProject
Global
	GlobalSection(SolutionConfigurationPlatforms) = preSolution
		Debug|Any CPU = Debug|Any CPU
		Release|Any CPU = Release|Any CPU
	EndGlobalSection
	GlobalSection(ProjectConfigurationPlatforms) = postSolution
		{30876A76-5B7F-407B-8A84-7939D0D5B9BE}.Debug|Any CPU.ActiveCfg = Debug|Any CPU
		{30876A76-5B7F-407B-8A84-7939D0D5B9BE}.Debug|Any CPU.Build.0 = Debug|Any CPU
		{30876A76-5B7F-407B-8A84-7939D0D5B9BE}.Release|Any CPU.ActiveCfg = Release|Any CPU
		{30876A76-5B7F-407B-8A84-7939D0D5B9BE}.Release|Any CPU.Build.0 = Release|Any CPU
	EndGlobalSection
	GlobalSection(SolutionProperties) = preSolution
		HideSolutionNode = FALSE
	EndGlobalSection
	GlobalSection(ExtensibilityGlobals) = postSolution
		SolutionGuid = {F227541C-81FB-47C2-90D6-90F0B0B5F90A}
	EndGlobalSection
EndGlobal
